
Microsoft Visual Studio Solution File, Format Version 12.00
# Visual Studio Version 16
VisualStudioVersion = 16.0.30330.147
MinimumVisualStudioVersion = 10.0.40219.1
Project("{FAE04EC0-301F-11D3-BF4B-00C04F79EFBC}") = "Tarefa-POO-Exemplo", "Tarefa-POO-Exemplo\Tarefa-POO-Exemplo.csproj", "{DBF5A79E-121B-487E-86CE-7C7297EB18E4}"
EndProject
Global
	GlobalSection(SolutionConfigurationPlatforms) = preSolution
		Debug|Any CPU = Debug|Any CPU
		Release|Any CPU = Release|Any CPU
	EndGlobalSection
	GlobalSection(ProjectConfigurationPlatforms) = postSolution
		{DBF5A79E-121B-487E-86CE-7C7297EB18E4}.Debug|Any CPU.ActiveCfg = Debug|Any CPU
		{DBF5A79E-121B-487E-86CE-7C7297EB18E4}.Debug|Any CPU.Build.0 = Debug|Any CPU
		{DBF5A79E-121B-487E-86CE-7C7297EB18E4}.Release|Any CPU.ActiveCfg = Release|Any CPU
		{DBF5A79E-121B-487E-86CE-7C7297EB18E4}.Release|Any CPU.Build.0 = Release|Any CPU
	EndGlobalSection
	GlobalSection(SolutionProperties) = preSolution
		HideSolutionNode = FALSE
	EndGlobalSection
	GlobalSection(ExtensibilityGlobals) = postSolution
		SolutionGuid = {313C52A4-CC54-4F9D-9DDD-FBE41E3A6B63}
	EndGlobalSection
EndGlobal
